# This file is automatically @generated by Wally.
# It is not intended for manual editing.
registry = "test"

[[package]]
name = "flamenco687/mirror"
version = "0.1.0-dev"
dependencies = [["Proxy", "flamenco687/roblox-proxy@3.1.2"]]

[[package]]
name = "flamenco687/roblox-proxy"
version = "3.1.2"
dependencies = []
